
Microsoft Visual Studio Solution File, Format Version 12.00
# Visual Studio 15
VisualStudioVersion = 15.0.26730.12
MinimumVisualStudioVersion = 10.0.40219.1
Project("{2150E333-8FDC-42A3-9474-1A3956D46DE8}") = "0 - Presentation", "0 - Presentation", "{43C94571-9105-4D83-8920-15560CC83C5E}"
EndProject
Project("{2150E333-8FDC-42A3-9474-1A3956D46DE8}") = "1 - Services", "1 - Services", "{E3D9ADEB-303B-4C32-8E8B-CE13379C898E}"
EndProject
Project("{2150E333-8FDC-42A3-9474-1A3956D46DE8}") = "2 - Application", "2 - Application", "{8899D967-15BF-4DEC-A26D-3154EA71A266}"
EndProject
Project("{2150E333-8FDC-42A3-9474-1A3956D46DE8}") = "3 - Domain", "3 - Domain", "{4307AA8B-1169-4221-BF6C-10523D551C51}"
EndProject
Project("{2150E333-8FDC-42A3-9474-1A3956D46DE8}") = "4 - Infra", "4 - Infra", "{11BC5E63-B88E-4EFF-8DB0-DA8CF4D3A904}"
EndProject
Project("{2150E333-8FDC-42A3-9474-1A3956D46DE8}") = "4.1 - Data", "4.1 - Data", "{CEE7D56E-2D10-46AB-BD41-D7FB66394229}"
EndProject
Project("{FAE04EC0-301F-11D3-BF4B-00C04F79EFBC}") = "HBSIS.Application", "HBSIS.Application\HBSIS.Application.csproj", "{5720FF3F-EC9F-4393-9827-768E0B683765}"
EndProject
Project("{FAE04EC0-301F-11D3-BF4B-00C04F79EFBC}") = "HBSIS.Domain", "HBSIS.Domain\HBSIS.Domain.csproj", "{9B60AC5D-CB65-4B2C-9E71-344A8B42517E}"
EndProject
Project("{FAE04EC0-301F-11D3-BF4B-00C04F79EFBC}") = "HBSIS.Infra.Data", "HBSIS.Infra.Data\HBSIS.Infra.Data.csproj", "{FE177DC6-4910-40BE-957F-CDE428B40DF8}"
EndProject
Project("{FAE04EC0-301F-11D3-BF4B-00C04F79EFBC}") = "HBSIS.MvcWebAPI", "HBSIS.MvcWebAPI\HBSIS.MvcWebAPI.csproj", "{3C21B842-8E14-4934-A4B3-4E0318F1CEC1}"
EndProject
Project("{FAE04EC0-301F-11D3-BF4B-00C04F79EFBC}") = "HBSIS.MvcWebAPI.Tests", "HBSIS.MvcWebAPI.Tests\HBSIS.MvcWebAPI.Tests.csproj", "{68FCDA03-38CA-42E2-811C-9F70AD9D6CC8}"
EndProject
Global
	GlobalSection(SolutionConfigurationPlatforms) = preSolution
		Debug|Any CPU = Debug|Any CPU
		Release|Any CPU = Release|Any CPU
	EndGlobalSection
	GlobalSection(ProjectConfigurationPlatforms) = postSolution
		{5720FF3F-EC9F-4393-9827-768E0B683765}.Debug|Any CPU.ActiveCfg = Debug|Any CPU
		{5720FF3F-EC9F-4393-9827-768E0B683765}.Debug|Any CPU.Build.0 = Debug|Any CPU
		{5720FF3F-EC9F-4393-9827-768E0B683765}.Release|Any CPU.ActiveCfg = Release|Any CPU
		{5720FF3F-EC9F-4393-9827-768E0B683765}.Release|Any CPU.Build.0 = Release|Any CPU
		{9B60AC5D-CB65-4B2C-9E71-344A8B42517E}.Debug|Any CPU.ActiveCfg = Debug|Any CPU
		{9B60AC5D-CB65-4B2C-9E71-344A8B42517E}.Debug|Any CPU.Build.0 = Debug|Any CPU
		{9B60AC5D-CB65-4B2C-9E71-344A8B42517E}.Release|Any CPU.ActiveCfg = Release|Any CPU
		{9B60AC5D-CB65-4B2C-9E71-344A8B42517E}.Release|Any CPU.Build.0 = Release|Any CPU
		{FE177DC6-4910-40BE-957F-CDE428B40DF8}.Debug|Any CPU.ActiveCfg = Debug|Any CPU
		{FE177DC6-4910-40BE-957F-CDE428B40DF8}.Debug|Any CPU.Build.0 = Debug|Any CPU
		{FE177DC6-4910-40BE-957F-CDE428B40DF8}.Release|Any CPU.ActiveCfg = Release|Any CPU
		{FE177DC6-4910-40BE-957F-CDE428B40DF8}.Release|Any CPU.Build.0 = Release|Any CPU
		{3C21B842-8E14-4934-A4B3-4E0318F1CEC1}.Debug|Any CPU.ActiveCfg = Debug|Any CPU
		{3C21B842-8E14-4934-A4B3-4E0318F1CEC1}.Debug|Any CPU.Build.0 = Debug|Any CPU
		{3C21B842-8E14-4934-A4B3-4E0318F1CEC1}.Release|Any CPU.ActiveCfg = Release|Any CPU
		{3C21B842-8E14-4934-A4B3-4E0318F1CEC1}.Release|Any CPU.Build.0 = Release|Any CPU
		{68FCDA03-38CA-42E2-811C-9F70AD9D6CC8}.Debug|Any CPU.ActiveCfg = Debug|Any CPU
		{68FCDA03-38CA-42E2-811C-9F70AD9D6CC8}.Debug|Any CPU.Build.0 = Debug|Any CPU
		{68FCDA03-38CA-42E2-811C-9F70AD9D6CC8}.Release|Any CPU.ActiveCfg = Release|Any CPU
		{68FCDA03-38CA-42E2-811C-9F70AD9D6CC8}.Release|Any CPU.Build.0 = Release|Any CPU
	EndGlobalSection
	GlobalSection(SolutionProperties) = preSolution
		HideSolutionNode = FALSE
	EndGlobalSection
	GlobalSection(NestedProjects) = preSolution
		{CEE7D56E-2D10-46AB-BD41-D7FB66394229} = {11BC5E63-B88E-4EFF-8DB0-DA8CF4D3A904}
		{5720FF3F-EC9F-4393-9827-768E0B683765} = {8899D967-15BF-4DEC-A26D-3154EA71A266}
		{9B60AC5D-CB65-4B2C-9E71-344A8B42517E} = {4307AA8B-1169-4221-BF6C-10523D551C51}
		{FE177DC6-4910-40BE-957F-CDE428B40DF8} = {CEE7D56E-2D10-46AB-BD41-D7FB66394229}
		{3C21B842-8E14-4934-A4B3-4E0318F1CEC1} = {43C94571-9105-4D83-8920-15560CC83C5E}
		{68FCDA03-38CA-42E2-811C-9F70AD9D6CC8} = {43C94571-9105-4D83-8920-15560CC83C5E}
	EndGlobalSection
	GlobalSection(ExtensibilityGlobals) = postSolution
		SolutionGuid = {594A558A-5FA3-4199-AECA-2EB9137AFEAF}
	EndGlobalSection
EndGlobal
